
Microsoft Visual Studio Solution File, Format Version 12.00
# Visual Studio Version 16
VisualStudioVersion = 16.0.29613.14
MinimumVisualStudioVersion = 10.0.40219.1
Project("{FAE04EC0-301F-11D3-BF4B-00C04F79EFBC}") = "TextCleaner", "TextCleaner\TextCleaner.csproj", "{6E20CD2E-99D7-4AC1-AF4A-FC4721EDC54E}"
EndProject
Project("{FAE04EC0-301F-11D3-BF4B-00C04F79EFBC}") = "UnitTests", "UnitTests\UnitTests.csproj", "{3639D93B-B9C7-4CAA-89E3-843E73AE2B51}"
EndProject
Global
	GlobalSection(SolutionConfigurationPlatforms) = preSolution
		Debug|Any CPU = Debug|Any CPU
		Debug|ARM = Debug|ARM
		Debug|ARM64 = Debug|ARM64
		Debug|x64 = Debug|x64
		Debug|x86 = Debug|x86
		Release|Any CPU = Release|Any CPU
		Release|ARM = Release|ARM
		Release|ARM64 = Release|ARM64
		Release|x64 = Release|x64
		Release|x86 = Release|x86
	EndGlobalSection
	GlobalSection(ProjectConfigurationPlatforms) = postSolution
		{6E20CD2E-99D7-4AC1-AF4A-FC4721EDC54E}.Debug|Any CPU.ActiveCfg = Debug|Any CPU
		{6E20CD2E-99D7-4AC1-AF4A-FC4721EDC54E}.Debug|Any CPU.Build.0 = Debug|Any CPU
		{6E20CD2E-99D7-4AC1-AF4A-FC4721EDC54E}.Debug|ARM.ActiveCfg = Debug|Any CPU
		{6E20CD2E-99D7-4AC1-AF4A-FC4721EDC54E}.Debug|ARM.Build.0 = Debug|Any CPU
		{6E20CD2E-99D7-4AC1-AF4A-FC4721EDC54E}.Debug|ARM64.ActiveCfg = Debug|Any CPU
		{6E20CD2E-99D7-4AC1-AF4A-FC4721EDC54E}.Debug|ARM64.Build.0 = Debug|Any CPU
		{6E20CD2E-99D7-4AC1-AF4A-FC4721EDC54E}.Debug|x64.ActiveCfg = Debug|Any CPU
		{6E20CD2E-99D7-4AC1-AF4A-FC4721EDC54E}.Debug|x64.Build.0 = Debug|Any CPU
		{6E20CD2E-99D7-4AC1-AF4A-FC4721EDC54E}.Debug|x86.ActiveCfg = Debug|Any CPU
		{6E20CD2E-99D7-4AC1-AF4A-FC4721EDC54E}.Debug|x86.Build.0 = Debug|Any CPU
		{6E20CD2E-99D7-4AC1-AF4A-FC4721EDC54E}.Release|Any CPU.ActiveCfg = Release|Any CPU
		{6E20CD2E-99D7-4AC1-AF4A-FC4721EDC54E}.Release|Any CPU.Build.0 = Release|Any CPU
		{6E20CD2E-99D7-4AC1-AF4A-FC4721EDC54E}.Release|ARM.ActiveCfg = Release|Any CPU
		{6E20CD2E-99D7-4AC1-AF4A-FC4721EDC54E}.Release|ARM.Build.0 = Release|Any CPU
		{6E20CD2E-99D7-4AC1-AF4A-FC4721EDC54E}.Release|ARM64.ActiveCfg = Release|Any CPU
		{6E20CD2E-99D7-4AC1-AF4A-FC4721EDC54E}.Release|ARM64.Build.0 = Release|Any CPU
		{6E20CD2E-99D7-4AC1-AF4A-FC4721EDC54E}.Release|x64.ActiveCfg = Release|Any CPU
		{6E20CD2E-99D7-4AC1-AF4A-FC4721EDC54E}.Release|x64.Build.0 = Release|Any CPU
		{6E20CD2E-99D7-4AC1-AF4A-FC4721EDC54E}.Release|x86.ActiveCfg = Release|Any CPU
		{6E20CD2E-99D7-4AC1-AF4A-FC4721EDC54E}.Release|x86.Build.0 = Release|Any CPU
		{3639D93B-B9C7-4CAA-89E3-843E73AE2B51}.Debug|Any CPU.ActiveCfg = Debug|Any CPU
		{3639D93B-B9C7-4CAA-89E3-843E73AE2B51}.Debug|Any CPU.Build.0 = Debug|Any CPU
		{3639D93B-B9C7-4CAA-89E3-843E73AE2B51}.Debug|ARM.ActiveCfg = Debug|Any CPU
		{3639D93B-B9C7-4CAA-89E3-843E73AE2B51}.Debug|ARM.Build.0 = Debug|Any CPU
		{3639D93B-B9C7-4CAA-89E3-843E73AE2B51}.Debug|ARM64.ActiveCfg = Debug|Any CPU
		{3639D93B-B9C7-4CAA-89E3-843E73AE2B51}.Debug|ARM64.Build.0 = Debug|Any CPU
		{3639D93B-B9C7-4CAA-89E3-843E73AE2B51}.Debug|x64.ActiveCfg = Debug|Any CPU
		{3639D93B-B9C7-4CAA-89E3-843E73AE2B51}.Debug|x64.Build.0 = Debug|Any CPU
		{3639D93B-B9C7-4CAA-89E3-843E73AE2B51}.Debug|x86.ActiveCfg = Debug|Any CPU
		{3639D93B-B9C7-4CAA-89E3-843E73AE2B51}.Debug|x86.Build.0 = Debug|Any CPU
		{3639D93B-B9C7-4CAA-89E3-843E73AE2B51}.Release|Any CPU.ActiveCfg = Release|Any CPU
		{3639D93B-B9C7-4CAA-89E3-843E73AE2B51}.Release|Any CPU.Build.0 = Release|Any CPU
		{3639D93B-B9C7-4CAA-89E3-843E73AE2B51}.Release|ARM.ActiveCfg = Release|Any CPU
		{3639D93B-B9C7-4CAA-89E3-843E73AE2B51}.Release|ARM.Build.0 = Release|Any CPU
		{3639D93B-B9C7-4CAA-89E3-843E73AE2B51}.Release|ARM64.ActiveCfg = Release|Any CPU
		{3639D93B-B9C7-4CAA-89E3-843E73AE2B51}.Release|ARM64.Build.0 = Release|Any CPU
		{3639D93B-B9C7-4CAA-89E3-843E73AE2B51}.Release|x64.ActiveCfg = Release|Any CPU
		{3639D93B-B9C7-4CAA-89E3-843E73AE2B51}.Release|x64.Build.0 = Release|Any CPU
		{3639D93B-B9C7-4CAA-89E3-843E73AE2B51}.Release|x86.ActiveCfg = Release|Any CPU
		{3639D93B-B9C7-4CAA-89E3-843E73AE2B51}.Release|x86.Build.0 = Release|Any CPU
	EndGlobalSection
	GlobalSection(SolutionProperties) = preSolution
		HideSolutionNode = FALSE
	EndGlobalSection
	GlobalSection(ExtensibilityGlobals) = postSolution
		SolutionGuid = {0460E8C7-8CE7-4782-98D4-793C9BC01444}
	EndGlobalSection
EndGlobal
